
Microsoft Visual Studio Solution File, Format Version 12.00
# Visual Studio Version 16
VisualStudioVersion = 16.0.32228.343
MinimumVisualStudioVersion = 10.0.40219.1
Project("{8BC9CEB8-8B4A-11D0-8D11-00A0C91BC942}") = "text_4_30", "text_4_30.vcxproj", "{88CA3981-6BB6-4D1D-B437-07A78AF8E230}"
EndProject
Global
	GlobalSection(SolutionConfigurationPlatforms) = preSolution
		Debug|x64 = Debug|x64
		Debug|x86 = Debug|x86
		Release|x64 = Release|x64
		Release|x86 = Release|x86
	EndGlobalSection
	GlobalSection(ProjectConfigurationPlatforms) = postSolution
		{88CA3981-6BB6-4D1D-B437-07A78AF8E230}.Debug|x64.ActiveCfg = Debug|x64
		{88CA3981-6BB6-4D1D-B437-07A78AF8E230}.Debug|x64.Build.0 = Debug|x64
		{88CA3981-6BB6-4D1D-B437-07A78AF8E230}.Debug|x86.ActiveCfg = Debug|Win32
		{88CA3981-6BB6-4D1D-B437-07A78AF8E230}.Debug|x86.Build.0 = Debug|Win32
		{88CA3981-6BB6-4D1D-B437-07A78AF8E230}.Release|x64.ActiveCfg = Release|x64
		{88CA3981-6BB6-4D1D-B437-07A78AF8E230}.Release|x64.Build.0 = Release|x64
		{88CA3981-6BB6-4D1D-B437-07A78AF8E230}.Release|x86.ActiveCfg = Release|Win32
		{88CA3981-6BB6-4D1D-B437-07A78AF8E230}.Release|x86.Build.0 = Release|Win32
	EndGlobalSection
	GlobalSection(SolutionProperties) = preSolution
		HideSolutionNode = FALSE
	EndGlobalSection
	GlobalSection(ExtensibilityGlobals) = postSolution
		SolutionGuid = {BD782ABF-D58D-46C4-B6E4-32C5ECD96220}
	EndGlobalSection
EndGlobal
