
Microsoft Visual Studio Solution File, Format Version 12.00
# Visual Studio Version 16
VisualStudioVersion = 16.0.32228.343
MinimumVisualStudioVersion = 10.0.40219.1
Project("{8BC9CEB8-8B4A-11D0-8D11-00A0C91BC942}") = "text_4_27", "text_4_27.vcxproj", "{3A1602A2-7ECF-448D-8753-1A38CA7D4E02}"
EndProject
Global
	GlobalSection(SolutionConfigurationPlatforms) = preSolution
		Debug|x64 = Debug|x64
		Debug|x86 = Debug|x86
		Release|x64 = Release|x64
		Release|x86 = Release|x86
	EndGlobalSection
	GlobalSection(ProjectConfigurationPlatforms) = postSolution
		{3A1602A2-7ECF-448D-8753-1A38CA7D4E02}.Debug|x64.ActiveCfg = Debug|x64
		{3A1602A2-7ECF-448D-8753-1A38CA7D4E02}.Debug|x64.Build.0 = Debug|x64
		{3A1602A2-7ECF-448D-8753-1A38CA7D4E02}.Debug|x86.ActiveCfg = Debug|Win32
		{3A1602A2-7ECF-448D-8753-1A38CA7D4E02}.Debug|x86.Build.0 = Debug|Win32
		{3A1602A2-7ECF-448D-8753-1A38CA7D4E02}.Release|x64.ActiveCfg = Release|x64
		{3A1602A2-7ECF-448D-8753-1A38CA7D4E02}.Release|x64.Build.0 = Release|x64
		{3A1602A2-7ECF-448D-8753-1A38CA7D4E02}.Release|x86.ActiveCfg = Release|Win32
		{3A1602A2-7ECF-448D-8753-1A38CA7D4E02}.Release|x86.Build.0 = Release|Win32
	EndGlobalSection
	GlobalSection(SolutionProperties) = preSolution
		HideSolutionNode = FALSE
	EndGlobalSection
	GlobalSection(ExtensibilityGlobals) = postSolution
		SolutionGuid = {0201ED94-2A42-4761-A75B-BC7E178BFE67}
	EndGlobalSection
EndGlobal
