
Microsoft Visual Studio Solution File, Format Version 12.00
# Visual Studio Version 16
VisualStudioVersion = 16.0.32228.343
MinimumVisualStudioVersion = 10.0.40219.1
Project("{8BC9CEB8-8B4A-11D0-8D11-00A0C91BC942}") = "test_5_16", "test_5_16.vcxproj", "{E677A026-C2FC-4FA6-9141-F277D8796872}"
EndProject
Global
	GlobalSection(SolutionConfigurationPlatforms) = preSolution
		Debug|x64 = Debug|x64
		Debug|x86 = Debug|x86
		Release|x64 = Release|x64
		Release|x86 = Release|x86
	EndGlobalSection
	GlobalSection(ProjectConfigurationPlatforms) = postSolution
		{E677A026-C2FC-4FA6-9141-F277D8796872}.Debug|x64.ActiveCfg = Debug|x64
		{E677A026-C2FC-4FA6-9141-F277D8796872}.Debug|x64.Build.0 = Debug|x64
		{E677A026-C2FC-4FA6-9141-F277D8796872}.Debug|x86.ActiveCfg = Debug|Win32
		{E677A026-C2FC-4FA6-9141-F277D8796872}.Debug|x86.Build.0 = Debug|Win32
		{E677A026-C2FC-4FA6-9141-F277D8796872}.Release|x64.ActiveCfg = Release|x64
		{E677A026-C2FC-4FA6-9141-F277D8796872}.Release|x64.Build.0 = Release|x64
		{E677A026-C2FC-4FA6-9141-F277D8796872}.Release|x86.ActiveCfg = Release|Win32
		{E677A026-C2FC-4FA6-9141-F277D8796872}.Release|x86.Build.0 = Release|Win32
	EndGlobalSection
	GlobalSection(SolutionProperties) = preSolution
		HideSolutionNode = FALSE
	EndGlobalSection
	GlobalSection(ExtensibilityGlobals) = postSolution
		SolutionGuid = {3DA19C8E-AC68-405C-9F34-58A887190CA3}
	EndGlobalSection
EndGlobal
