
Microsoft Visual Studio Solution File, Format Version 12.00
# Visual Studio Version 16
VisualStudioVersion = 16.0.32228.343
MinimumVisualStudioVersion = 10.0.40219.1
Project("{8BC9CEB8-8B4A-11D0-8D11-00A0C91BC942}") = "test_5_28", "test_5_28.vcxproj", "{7ACB3BA8-B772-4A0E-84AC-68F418E63565}"
EndProject
Global
	GlobalSection(SolutionConfigurationPlatforms) = preSolution
		Debug|x64 = Debug|x64
		Debug|x86 = Debug|x86
		Release|x64 = Release|x64
		Release|x86 = Release|x86
	EndGlobalSection
	GlobalSection(ProjectConfigurationPlatforms) = postSolution
		{7ACB3BA8-B772-4A0E-84AC-68F418E63565}.Debug|x64.ActiveCfg = Debug|x64
		{7ACB3BA8-B772-4A0E-84AC-68F418E63565}.Debug|x64.Build.0 = Debug|x64
		{7ACB3BA8-B772-4A0E-84AC-68F418E63565}.Debug|x86.ActiveCfg = Debug|Win32
		{7ACB3BA8-B772-4A0E-84AC-68F418E63565}.Debug|x86.Build.0 = Debug|Win32
		{7ACB3BA8-B772-4A0E-84AC-68F418E63565}.Release|x64.ActiveCfg = Release|x64
		{7ACB3BA8-B772-4A0E-84AC-68F418E63565}.Release|x64.Build.0 = Release|x64
		{7ACB3BA8-B772-4A0E-84AC-68F418E63565}.Release|x86.ActiveCfg = Release|Win32
		{7ACB3BA8-B772-4A0E-84AC-68F418E63565}.Release|x86.Build.0 = Release|Win32
	EndGlobalSection
	GlobalSection(SolutionProperties) = preSolution
		HideSolutionNode = FALSE
	EndGlobalSection
	GlobalSection(ExtensibilityGlobals) = postSolution
		SolutionGuid = {3207D9FE-9B7C-4AC8-88AB-CAB937DCF8A2}
	EndGlobalSection
EndGlobal
