
Microsoft Visual Studio Solution File, Format Version 12.00
# Visual Studio Version 16
VisualStudioVersion = 16.0.32228.343
MinimumVisualStudioVersion = 10.0.40219.1
Project("{8BC9CEB8-8B4A-11D0-8D11-00A0C91BC942}") = "test_5_14", "test_5_14.vcxproj", "{2D76F294-14BF-403F-8A62-D6481672A3C5}"
EndProject
Global
	GlobalSection(SolutionConfigurationPlatforms) = preSolution
		Debug|x64 = Debug|x64
		Debug|x86 = Debug|x86
		Release|x64 = Release|x64
		Release|x86 = Release|x86
	EndGlobalSection
	GlobalSection(ProjectConfigurationPlatforms) = postSolution
		{2D76F294-14BF-403F-8A62-D6481672A3C5}.Debug|x64.ActiveCfg = Debug|x64
		{2D76F294-14BF-403F-8A62-D6481672A3C5}.Debug|x64.Build.0 = Debug|x64
		{2D76F294-14BF-403F-8A62-D6481672A3C5}.Debug|x86.ActiveCfg = Debug|Win32
		{2D76F294-14BF-403F-8A62-D6481672A3C5}.Debug|x86.Build.0 = Debug|Win32
		{2D76F294-14BF-403F-8A62-D6481672A3C5}.Release|x64.ActiveCfg = Release|x64
		{2D76F294-14BF-403F-8A62-D6481672A3C5}.Release|x64.Build.0 = Release|x64
		{2D76F294-14BF-403F-8A62-D6481672A3C5}.Release|x86.ActiveCfg = Release|Win32
		{2D76F294-14BF-403F-8A62-D6481672A3C5}.Release|x86.Build.0 = Release|Win32
	EndGlobalSection
	GlobalSection(SolutionProperties) = preSolution
		HideSolutionNode = FALSE
	EndGlobalSection
	GlobalSection(ExtensibilityGlobals) = postSolution
		SolutionGuid = {4FE0283E-96BD-4002-ACA0-6B32761F2A97}
	EndGlobalSection
EndGlobal
