
Microsoft Visual Studio Solution File, Format Version 12.00
# Visual Studio Version 16
VisualStudioVersion = 16.0.32228.343
MinimumVisualStudioVersion = 10.0.40219.1
Project("{8BC9CEB8-8B4A-11D0-8D11-00A0C91BC942}") = "test_5_22", "test_5_22.vcxproj", "{DD9CA470-CD96-4CC7-9664-62B8DA94622F}"
EndProject
Global
	GlobalSection(SolutionConfigurationPlatforms) = preSolution
		Debug|x64 = Debug|x64
		Debug|x86 = Debug|x86
		Release|x64 = Release|x64
		Release|x86 = Release|x86
	EndGlobalSection
	GlobalSection(ProjectConfigurationPlatforms) = postSolution
		{DD9CA470-CD96-4CC7-9664-62B8DA94622F}.Debug|x64.ActiveCfg = Debug|x64
		{DD9CA470-CD96-4CC7-9664-62B8DA94622F}.Debug|x64.Build.0 = Debug|x64
		{DD9CA470-CD96-4CC7-9664-62B8DA94622F}.Debug|x86.ActiveCfg = Debug|Win32
		{DD9CA470-CD96-4CC7-9664-62B8DA94622F}.Debug|x86.Build.0 = Debug|Win32
		{DD9CA470-CD96-4CC7-9664-62B8DA94622F}.Release|x64.ActiveCfg = Release|x64
		{DD9CA470-CD96-4CC7-9664-62B8DA94622F}.Release|x64.Build.0 = Release|x64
		{DD9CA470-CD96-4CC7-9664-62B8DA94622F}.Release|x86.ActiveCfg = Release|Win32
		{DD9CA470-CD96-4CC7-9664-62B8DA94622F}.Release|x86.Build.0 = Release|Win32
	EndGlobalSection
	GlobalSection(SolutionProperties) = preSolution
		HideSolutionNode = FALSE
	EndGlobalSection
	GlobalSection(ExtensibilityGlobals) = postSolution
		SolutionGuid = {DC826056-B667-49F3-8F4B-C49B61E903FD}
	EndGlobalSection
EndGlobal
